PODS:
  - Alamofire (5.10.0)
  - FBAEMKit (17.4.0):
    - FBSDKCoreKit_Basics (= 17.4.0)
  - FBSDKCoreKit (17.4.0):
    - FBAEMKit (= 17.4.0)
    - FBSDKCoreKit_Basics (= 17.4.0)
  - FBSDKCoreKit_Basics (17.4.0)
  - IQKeyboardManager (6.5.19)
  - SnapKit (5.7.1)
  - SVProgressHUD (2.3.1):
    - SVProgressHUD/Core (= 2.3.1)
  - SVProgressHUD/Core (2.3.1)
  - SwiftyStoreKit (0.16.1)

DEPENDENCIES:
  - Alamofire
  - FBSDKCoreKit
  - IQKeyboardManager
  - SnapKit
  - SVProgressHUD
  - SwiftyStoreKit

SPEC REPOS:
  trunk:
    - Alamofire
    - FBAEMKit
    - FBSDKCoreKit
    - FBSDKCoreKit_Basics
    - IQKeyboardManager
    - SnapKit
    - SVProgressHUD
    - SwiftyStoreKit

SPEC CHECKSUMS:
  Alamofire: cd0b98508df05796dd2ff278f3bb055a631b5390
  FBAEMKit: 58cb5f302cdd715a56d4c1d0dfdd2e423ac1421a
  FBSDKCoreKit: 94d7461d0cecf441b1ba7c41acfff41daa8ccd41
  FBSDKCoreKit_Basics: 151b43db8b834d3f0e02f95d36a44ffd36265e45
  IQKeyboardManager: c8665b3396bd0b79402b4c573eac345a31c7d485
  SnapKit: d612e99e678a2d3b95bf60b0705ed0a35c03484a
  SVProgressHUD: 4837c74bdfe2e51e8821c397825996a8d7de6e22
  SwiftyStoreKit: 6b9c08810269f030586dac1fae8e75871a82e84a

PODFILE CHECKSUM: 14b0435c27542c7d3285b7c5ea1e451af3ea9202

COCOAPODS: 1.16.2
